
Microsoft Visual Studio Solution File, Format Version 12.00
Project("{2150E333-8FDC-42A3-9474-1A3956D46DE8}") = "src", "src", "{51D4C801-2AC9-4B78-AE38-84A5A84A7CC4}"
EndProject
Project("{FAE04EC0-301F-11D3-BF4B-00C04F79EFBC}") = "Library", "Library\Library.csproj", "{259282B3-3A51-422C-8EDC-8791382E245F}"
EndProject
Project("{FAE04EC0-301F-11D3-BF4B-00C04F79EFBC}") = "Service.Identity", "Service.Identity\Service.Identity.csproj", "{599EF5A8-2D04-44AA-B8CF-37C48C9659EF}"
EndProject
Project("{FAE04EC0-301F-11D3-BF4B-00C04F79EFBC}") = "Api.Identity", "Api.Identity\Api.Identity.csproj", "{3738D6F5-04C2-4745-9ADB-9417173DA500}"
EndProject
Global
	GlobalSection(SolutionConfigurationPlatforms) = preSolution
		Debug|Any CPU = Debug|Any CPU
		Release|Any CPU = Release|Any CPU
	EndGlobalSection
	GlobalSection(NestedProjects) = preSolution
		{259282B3-3A51-422C-8EDC-8791382E245F} = {51D4C801-2AC9-4B78-AE38-84A5A84A7CC4}
		{599EF5A8-2D04-44AA-B8CF-37C48C9659EF} = {51D4C801-2AC9-4B78-AE38-84A5A84A7CC4}
		{3738D6F5-04C2-4745-9ADB-9417173DA500} = {51D4C801-2AC9-4B78-AE38-84A5A84A7CC4}
	EndGlobalSection
	GlobalSection(ProjectConfigurationPlatforms) = postSolution
		{259282B3-3A51-422C-8EDC-8791382E245F}.Debug|Any CPU.ActiveCfg = Debug|Any CPU
		{259282B3-3A51-422C-8EDC-8791382E245F}.Debug|Any CPU.Build.0 = Debug|Any CPU
		{259282B3-3A51-422C-8EDC-8791382E245F}.Release|Any CPU.ActiveCfg = Release|Any CPU
		{259282B3-3A51-422C-8EDC-8791382E245F}.Release|Any CPU.Build.0 = Release|Any CPU
		{599EF5A8-2D04-44AA-B8CF-37C48C9659EF}.Debug|Any CPU.ActiveCfg = Debug|Any CPU
		{599EF5A8-2D04-44AA-B8CF-37C48C9659EF}.Debug|Any CPU.Build.0 = Debug|Any CPU
		{599EF5A8-2D04-44AA-B8CF-37C48C9659EF}.Release|Any CPU.ActiveCfg = Release|Any CPU
		{599EF5A8-2D04-44AA-B8CF-37C48C9659EF}.Release|Any CPU.Build.0 = Release|Any CPU
		{3738D6F5-04C2-4745-9ADB-9417173DA500}.Debug|Any CPU.ActiveCfg = Debug|Any CPU
		{3738D6F5-04C2-4745-9ADB-9417173DA500}.Debug|Any CPU.Build.0 = Debug|Any CPU
		{3738D6F5-04C2-4745-9ADB-9417173DA500}.Release|Any CPU.ActiveCfg = Release|Any CPU
		{3738D6F5-04C2-4745-9ADB-9417173DA500}.Release|Any CPU.Build.0 = Release|Any CPU
	EndGlobalSection
EndGlobal
